{
  "name": "shared",
  "version": "1.0.0",
  "lockfileVersion": 2,
  "requires": true,
  "packages": {
    "": {
      "name": "shared",
      "version": "1.0.0",
      "license": "ISC",
      "dependencies": {
        "@types/seedrandom": "^3.0.2",
        "seedrandom": "^3.0.5"
      }
    },
    "node_modules/@types/seedrandom": {
      "version": "3.0.2",
      "resolved": "https://registry.npmjs.org/@types/seedrandom/-/seedrandom-3.0.2.tgz",
      "integrity": "sha512-YPLqEOo0/X8JU3rdiq+RgUKtQhQtrppE766y7vMTu8dGML7TVtZNiiiaC/hhU9Zqw9UYopXxhuWWENclMVBwKQ=="
    },
    "node_modules/seedrandom": {
      "version": "3.0.5",
      "resolved": "https://registry.npmjs.org/seedrandom/-/seedrandom-3.0.5.tgz",
      "integrity": "sha512-8OwmbklUNzwezjGInmZ+2clQmExQPvomqjL7LFqOYqtmuxRgQYqOD3mHaU+MvZn5FLUeVxVfQjwLZW/n/JFuqg=="
    }
  },
  "dependencies": {
    "@types/seedrandom": {
      "version": "3.0.2",
      "resolved": "https://registry.npmjs.org/@types/seedrandom/-/seedrandom-3.0.2.tgz",
      "integrity": "sha512-YPLqEOo0/X8JU3rdiq+RgUKtQhQtrppE766y7vMTu8dGML7TVtZNiiiaC/hhU9Zqw9UYopXxhuWWENclMVBwKQ=="
    },
    "seedrandom": {
      "version": "3.0.5",
      "resolved": "https://registry.npmjs.org/seedrandom/-/seedrandom-3.0.5.tgz",
      "integrity": "sha512-8OwmbklUNzwezjGInmZ+2clQmExQPvomqjL7LFqOYqtmuxRgQYqOD3mHaU+MvZn5FLUeVxVfQjwLZW/n/JFuqg=="
    }
  }
}
